// !$*UTF8*$!
{
	archiveVersion = 1;
	classes = {
	};
	objectVersion = 48;
	objects = {

/* Begin PBXBuildFile section */
		AA2C70061F50DA6B00BFEABD /* AppDelegate.swift in Sources */ = {isa = PBXBuildFile; fileRef = AA2C70051F50DA6B00BFEABD /* AppDelegate.swift */; };
		AA2C70081F50DA6B00BFEABD /* ViewController.swift in Sources */ = {isa = PBXBuildFile; fileRef = AA2C70071F50DA6B00BFEABD /* ViewController.swift */; };
		AA2C700D1F50DA6B00BFEABD /* Assets.xcassets in Resources */ = {isa = PBXBuildFile; fileRef = AA2C700C1F50DA6B00BFEABD /* Assets.xcassets */; };
		AA2C70101F50DA6B00BFEABD /* LaunchScreen.storyboard in Resources */ = {isa = PBXBuildFile; fileRef = AA2C700E1F50DA6B00BFEABD /* LaunchScreen.storyboard */; };
		AA2C70191F50DF4F00BFEABD /* Main.storyboard in Resources */ = {isa = PBXBuildFile; fileRef = AA2C70171F50DE7700BFEABD /* Main.storyboard */; };
		AA2C701C1F51EB6600BFEABD /* CoreData.framework in Frameworks */ = {isa = PBXBuildFile; fileRef = AA2C701B1F51EB5000BFEABD /* CoreData.framework */; };
		AA2C701F1F51EB9E00BFEABD /* Pushbase.xcdatamodeld in Sources */ = {isa = PBXBuildFile; fileRef = AA2C701D1F51EB9E00BFEABD /* Pushbase.xcdatamodeld */; };
		AA2C70441F520A8F00BFEABD /* NewsFeedViewController.swift in Sources */ = {isa = PBXBuildFile; fileRef = AA2C70431F520A8F00BFEABD /* NewsFeedViewController.swift */; };
		AACC79FE1F5382230008078A /* GT-Walsheim-Black.ttf in Resources */ = {isa = PBXBuildFile; fileRef = AACC79FD1F5382230008078A /* GT-Walsheim-Black.ttf */; };
		AACC7A021F5383DC0008078A /* GT-Walsheim-Bold.TTF in Resources */ = {isa = PBXBuildFile; fileRef = AACC7A001F5383600008078A /* GT-Walsheim-Bold.TTF */; };
		AACC7A031F5383DC0008078A /* GT-Walsheim-Medium-Oblique.TTF in Resources */ = {isa = PBXBuildFile; fileRef = AACC79FF1F5383600008078A /* GT-Walsheim-Medium-Oblique.TTF */; };
		AACC7A041F5383DC0008078A /* GT-Walsheim-Medium.TTF in Resources */ = {isa = PBXBuildFile; fileRef = AACC7A011F5383600008078A /* GT-Walsheim-Medium.TTF */; };
		AACC7A091F571A3A0008078A /* qobi_logo.png in Resources */ = {isa = PBXBuildFile; fileRef = AACC7A081F571A3A0008078A /* qobi_logo.png */; };
		AACC7A0E1F57C56A0008078A /* SWRevealViewController.m in Sources */ = {isa = PBXBuildFile; fileRef = AACC7A0C1F57C56A0008078A /* SWRevealViewController.m */; };
		AACC7A101F57CB3F0008078A /* NewsTableViewController.swift in Sources */ = {isa = PBXBuildFile; fileRef = AACC7A0F1F57CB3F0008078A /* NewsTableViewController.swift */; };
		AACC7A121F57CCEC0008078A /* MenuController.swift in Sources */ = {isa = PBXBuildFile; fileRef = AACC7A111F57CCEC0008078A /* MenuController.swift */; };
		AACC7A141F57D3990008078A /* NewsTableViewCell.swift in Sources */ = {isa = PBXBuildFile; fileRef = AACC7A131F57D3990008078A /* NewsTableViewCell.swift */; };
/* End PBXBuildFile section */

/* Begin PBXFileReference section */
		AA2C70021F50DA6B00BFEABD /* Pushbase.app */ = {isa = PBXFileReference; explicitFileType = wrapper.application; includeInIndex = 0; path = Pushbase.app; sourceTree = BUILT_PRODUCTS_DIR; };
		AA2C70051F50DA6B00BFEABD /* AppDelegate.swift */ = {isa = PBXFileReference; lastKnownFileType = sourcecode.swift; path = AppDelegate.swift; sourceTree = "<group>"; };
		AA2C70071F50DA6B00BFEABD /* ViewController.swift */ = {isa = PBXFileReference; lastKnownFileType = sourcecode.swift; path = ViewController.swift; sourceTree = "<group>"; };
		AA2C700C1F50DA6B00BFEABD /* Assets.xcassets */ = {isa = PBXFileReference; lastKnownFileType = folder.assetcatalog; path = Assets.xcassets; sourceTree = "<group>"; };
		AA2C700F1F50DA6B00BFEABD /* Base */ = {isa = PBXFileReference; lastKnownFileType = file.storyboard; name = Base; path = Base.lproj/LaunchScreen.storyboard; sourceTree = "<group>"; };
		AA2C70111F50DA6B00BFEABD /* Info.plist */ = {isa = PBXFileReference; lastKnownFileType = text.plist.xml; path = Info.plist; sourceTree = "<group>"; };
		AA2C70181F50DE7700BFEABD /* Base */ = {isa = PBXFileReference; lastKnownFileType = file.storyboard; name = Base; path = Base.lproj/Main.storyboard; sourceTree = "<group>"; };
		AA2C701B1F51EB5000BFEABD /* CoreData.framework */ = {isa = PBXFileReference; lastKnownFileType = wrapper.framework; name = CoreData.framework; path = System/Library/Frameworks/CoreData.framework; sourceTree = SDKROOT; };
		AA2C701E1F51EB9E00BFEABD /* DataModel.xcdatamodel */ = {isa = PBXFileReference; lastKnownFileType = wrapper.xcdatamodel; path = DataModel.xcdatamodel; sourceTree = "<group>"; };
		AA2C70431F520A8F00BFEABD /* NewsFeedViewController.swift */ = {isa = PBXFileReference; lastKnownFileType = sourcecode.swift; path = NewsFeedViewController.swift; sourceTree = "<group>"; };
		AACC79FD1F5382230008078A /* GT-Walsheim-Black.ttf */ = {isa = PBXFileReference; lastKnownFileType = file; name = "GT-Walsheim-Black.ttf"; path = "../../../../Downloads/GT-Walsheim-Black.ttf"; sourceTree = "<group>"; };
		AACC79FF1F5383600008078A /* GT-Walsheim-Medium-Oblique.TTF */ = {isa = PBXFileReference; lastKnownFileType = file; name = "GT-Walsheim-Medium-Oblique.TTF"; path = "../../../../Downloads/download-3/GT-Walsheim-Medium-Oblique.TTF"; sourceTree = "<group>"; };
		AACC7A001F5383600008078A /* GT-Walsheim-Bold.TTF */ = {isa = PBXFileReference; lastKnownFileType = file; name = "GT-Walsheim-Bold.TTF"; path = "../../../../Downloads/download-3/GT-Walsheim-Bold.TTF"; sourceTree = "<group>"; };
		AACC7A011F5383600008078A /* GT-Walsheim-Medium.TTF */ = {isa = PBXFileReference; lastKnownFileType = file; name = "GT-Walsheim-Medium.TTF"; path = "../../../../Downloads/download-3/GT-Walsheim-Medium.TTF"; sourceTree = "<group>"; };
		AACC7A081F571A3A0008078A /* qobi_logo.png */ = {isa = PBXFileReference; lastKnownFileType = image.png; name = qobi_logo.png; path = ../../../qobi_logo.png; sourceTree = "<group>"; };
		AACC7A0B1F57C5690008078A /* Pushbase-Bridging-Header.h */ = {isa = PBXFileReference; lastKnownFileType = sourcecode.c.h; path = "Pushbase-Bridging-Header.h"; sourceTree = "<group>"; };
		AACC7A0C1F57C56A0008078A /* SWRevealViewController.m */ = {isa = PBXFileReference; fileEncoding = 4; lastKnownFileType = sourcecode.c.objc; name = SWRevealViewController.m; path = "../../../../Downloads/SWRevealViewController-master/SWRevealViewController/SWRevealViewController.m"; sourceTree = "<group>"; };
		AACC7A0D1F57C56A0008078A /* SWRevealViewController.h */ = {isa = PBXFileReference; fileEncoding = 4; lastKnownFileType = sourcecode.c.h; name = SWRevealViewController.h; path = "../../../../Downloads/SWRevealViewController-master/SWRevealViewController/SWRevealViewController.h"; sourceTree = "<group>"; };
		AACC7A0F1F57CB3F0008078A /* NewsTableViewController.swift */ = {isa = PBXFileReference; lastKnownFileType = sourcecode.swift; path = NewsTableViewController.swift; sourceTree = "<group>"; };
		AACC7A111F57CCEC0008078A /* MenuController.swift */ = {isa = PBXFileReference; fileEncoding = 4; lastKnownFileType = sourcecode.swift; name = MenuController.swift; path = ../../../Downloads/SidebarMenu/SidebarMenu/MenuController.swift; sourceTree = "<group>"; };
		AACC7A131F57D3990008078A /* NewsTableViewCell.swift */ = {isa = PBXFileReference; lastKnownFileType = sourcecode.swift; path = NewsTableViewCell.swift; sourceTree = "<group>"; };
/* End PBXFileReference section */

/* Begin PBXFrameworksBuildPhase section */
		AA2C6FFF1F50DA6B00BFEABD /* Frameworks */ = {
			isa = PBXFrameworksBuildPhase;
			buildActionMask = 2147483647;
			files = (
				AA2C701C1F51EB6600BFEABD /* CoreData.framework in Frameworks */,
			);
			runOnlyForDeploymentPostprocessing = 0;
		};
/* End PBXFrameworksBuildPhase section */

/* Begin PBXGroup section */
		AA2C6FF91F50DA6B00BFEABD = {
			isa = PBXGroup;
			children = (
				AA2C70041F50DA6B00BFEABD /* Pushbase */,
				AA2C70031F50DA6B00BFEABD /* Products */,
				AA2C701A1F51EB5000BFEABD /* Frameworks */,
			);
			sourceTree = "<group>";
		};
		AA2C70031F50DA6B00BFEABD /* Products */ = {
			isa = PBXGroup;
			children = (
				AA2C70021F50DA6B00BFEABD /* Pushbase.app */,
			);
			name = Products;
			sourceTree = "<group>";
		};
		AA2C70041F50DA6B00BFEABD /* Pushbase */ = {
			isa = PBXGroup;
			children = (
				AACC7A111F57CCEC0008078A /* MenuController.swift */,
				AACC7A0A1F57C52C0008078A /* SWRevealViewController */,
				AACC7A051F53856E0008078A /* images */,
				AACC79FC1F5382010008078A /* fonts */,
				AA2C701D1F51EB9E00BFEABD /* Pushbase.xcdatamodeld */,
				AA2C70051F50DA6B00BFEABD /* AppDelegate.swift */,
				AA2C70071F50DA6B00BFEABD /* ViewController.swift */,
				AA2C70171F50DE7700BFEABD /* Main.storyboard */,
				AACC7A0F1F57CB3F0008078A /* NewsTableViewController.swift */,
				AA2C70431F520A8F00BFEABD /* NewsFeedViewController.swift */,
				AA2C700C1F50DA6B00BFEABD /* Assets.xcassets */,
				AA2C700E1F50DA6B00BFEABD /* LaunchScreen.storyboard */,
				AA2C70111F50DA6B00BFEABD /* Info.plist */,
				AACC7A131F57D3990008078A /* NewsTableViewCell.swift */,
			);
			path = Pushbase;
			sourceTree = "<group>";
		};
		AA2C701A1F51EB5000BFEABD /* Frameworks */ = {
			isa = PBXGroup;
			children = (
				AA2C701B1F51EB5000BFEABD /* CoreData.framework */,
			);
			name = Frameworks;
			sourceTree = "<group>";
		};
		AACC79FC1F5382010008078A /* fonts */ = {
			isa = PBXGroup;
			children = (
				AACC7A001F5383600008078A /* GT-Walsheim-Bold.TTF */,
				AACC79FF1F5383600008078A /* GT-Walsheim-Medium-Oblique.TTF */,
				AACC7A011F5383600008078A /* GT-Walsheim-Medium.TTF */,
				AACC79FD1F5382230008078A /* GT-Walsheim-Black.ttf */,
			);
			path = fonts;
			sourceTree = "<group>";
		};
		AACC7A051F53856E0008078A /* images */ = {
			isa = PBXGroup;
			children = (
				AACC7A081F571A3A0008078A /* qobi_logo.png */,
			);
			path = images;
			sourceTree = "<group>";
		};
		AACC7A0A1F57C52C0008078A /* SWRevealViewController */ = {
			isa = PBXGroup;
			children = (
				AACC7A0D1F57C56A0008078A /* SWRevealViewController.h */,
				AACC7A0C1F57C56A0008078A /* SWRevealViewController.m */,
				AACC7A0B1F57C5690008078A /* Pushbase-Bridging-Header.h */,
			);
			path = SWRevealViewController;
			sourceTree = "<group>";
		};
/* End PBXGroup section */

/* Begin PBXNativeTarget section */
		AA2C70011F50DA6B00BFEABD /* Pushbase */ = {
			isa = PBXNativeTarget;
			buildConfigurationList = AA2C70141F50DA6B00BFEABD /* Build configuration list for PBXNativeTarget "Pushbase" */;
			buildPhases = (
				AA2C6FFE1F50DA6B00BFEABD /* Sources */,
				AA2C6FFF1F50DA6B00BFEABD /* Frameworks */,
				AA2C70001F50DA6B00BFEABD /* Resources */,
			);
			buildRules = (
			);
			dependencies = (
			);
			name = Pushbase;
			productName = Pushbase;
			productReference = AA2C70021F50DA6B00BFEABD /* Pushbase.app */;
			productType = "com.apple.product-type.application";
		};
/* End PBXNativeTarget section */

/* Begin PBXProject section */
		AA2C6FFA1F50DA6B00BFEABD /* Project object */ = {
			isa = PBXProject;
			attributes = {
				LastSwiftUpdateCheck = 0900;
				LastUpgradeCheck = 0900;
				ORGANIZATIONNAME = "Furby Studios";
				TargetAttributes = {
					AA2C70011F50DA6B00BFEABD = {
						CreatedOnToolsVersion = 9.0;
						LastSwiftMigration = 0900;
					};
				};
			};
			buildConfigurationList = AA2C6FFD1F50DA6B00BFEABD /* Build configuration list for PBXProject "Pushbase" */;
			compatibilityVersion = "Xcode 8.0";
			developmentRegion = en;
			hasScannedForEncodings = 0;
			knownRegions = (
				en,
				Base,
			);
			mainGroup = AA2C6FF91F50DA6B00BFEABD;
			productRefGroup = AA2C70031F50DA6B00BFEABD /* Products */;
			projectDirPath = "";
			projectRoot = "";
			targets = (
				AA2C70011F50DA6B00BFEABD /* Pushbase */,
			);
		};
/* End PBXProject section */

/* Begin PBXResourcesBuildPhase section */
		AA2C70001F50DA6B00BFEABD /* Resources */ = {
			isa = PBXResourcesBuildPhase;
			buildActionMask = 2147483647;
			files = (
				AACC7A021F5383DC0008078A /* GT-Walsheim-Bold.TTF in Resources */,
				AACC7A031F5383DC0008078A /* GT-Walsheim-Medium-Oblique.TTF in Resources */,
				AACC7A041F5383DC0008078A /* GT-Walsheim-Medium.TTF in Resources */,
				AA2C70191F50DF4F00BFEABD /* Main.storyboard in Resources */,
				AACC7A091F571A3A0008078A /* qobi_logo.png in Resources */,
				AACC79FE1F5382230008078A /* GT-Walsheim-Black.ttf in Resources */,
				AA2C70101F50DA6B00BFEABD /* LaunchScreen.storyboard in Resources */,
				AA2C700D1F50DA6B00BFEABD /* Assets.xcassets in Resources */,
			);
			runOnlyForDeploymentPostprocessing = 0;
		};
/* End PBXResourcesBuildPhase section */

/* Begin PBXSourcesBuildPhase section */
		AA2C6FFE1F50DA6B00BFEABD /* Sources */ = {
			isa = PBXSourcesBuildPhase;
			buildActionMask = 2147483647;
			files = (
				AA2C701F1F51EB9E00BFEABD /* Pushbase.xcdatamodeld in Sources */,
				AACC7A121F57CCEC0008078A /* MenuController.swift in Sources */,
				AACC7A141F57D3990008078A /* NewsTableViewCell.swift in Sources */,
				AA2C70081F50DA6B00BFEABD /* ViewController.swift in Sources */,
				AACC7A101F57CB3F0008078A /* NewsTableViewController.swift in Sources */,
				AACC7A0E1F57C56A0008078A /* SWRevealViewController.m in Sources */,
				AA2C70061F50DA6B00BFEABD /* AppDelegate.swift in Sources */,
				AA2C70441F520A8F00BFEABD /* NewsFeedViewController.swift in Sources */,
			);
			runOnlyForDeploymentPostprocessing = 0;
		};
/* End PBXSourcesBuildPhase section */

/* Begin PBXVariantGroup section */
		AA2C700E1F50DA6B00BFEABD /* LaunchScreen.storyboard */ = {
			isa = PBXVariantGroup;
			children = (
				AA2C700F1F50DA6B00BFEABD /* Base */,
			);
			name = LaunchScreen.storyboard;
			sourceTree = "<group>";
		};
		AA2C70171F50DE7700BFEABD /* Main.storyboard */ = {
			isa = PBXVariantGroup;
			children = (
				AA2C70181F50DE7700BFEABD /* Base */,
			);
			name = Main.storyboard;
			sourceTree = "<group>";
		};
/* End PBXVariantGroup section */

/* Begin XCBuildConfiguration section */
		AA2C70121F50DA6B00BFEABD /* Debug */ = {
			isa = XCBuildConfiguration;
			buildSettings = {
				ALWAYS_SEARCH_USER_PATHS = NO;
				CLANG_ANALYZER_NONNULL = YES;
				CLANG_ANALYZER_NUMBER_OBJECT_CONVERSION = YES_AGGRESSIVE;
				CLANG_CXX_LANGUAGE_STANDARD = "gnu++14";
				CLANG_CXX_LIBRARY = "libc++";
				CLANG_ENABLE_MODULES = YES;
				CLANG_ENABLE_OBJC_ARC = YES;
				CLANG_WARN_BLOCK_CAPTURE_AUTORELEASING = YES;
				CLANG_WARN_BOOL_CONVERSION = YES;
				CLANG_WARN_COMMA = YES;
				CLANG_WARN_CONSTANT_CONVERSION = YES;
				CLANG_WARN_DIRECT_OBJC_ISA_USAGE = YES_ERROR;
				CLANG_WARN_DOCUMENTATION_COMMENTS = YES;
				CLANG_WARN_EMPTY_BODY = YES;
				CLANG_WARN_ENUM_CONVERSION = YES;
				CLANG_WARN_INFINITE_RECURSION = YES;
				CLANG_WARN_INT_CONVERSION = YES;
				CLANG_WARN_NON_LITERAL_NULL_CONVERSION = YES;
				CLANG_WARN_OBJC_LITERAL_CONVERSION = YES;
				CLANG_WARN_OBJC_ROOT_CLASS = YES_ERROR;
				CLANG_WARN_RANGE_LOOP_ANALYSIS = YES;
				CLANG_WARN_STRICT_PROTOTYPES = YES;
				CLANG_WARN_SUSPICIOUS_MOVE = YES;
				CLANG_WARN_UNGUARDED_AVAILABILITY = YES_AGGRESSIVE;
				CLANG_WARN_UNREACHABLE_CODE = YES;
				CLANG_WARN__DUPLICATE_METHOD_MATCH = YES;
				CODE_SIGN_IDENTITY = "iPhone Developer";
				COPY_PHASE_STRIP = NO;
				DEBUG_INFORMATION_FORMAT = dwarf;
				ENABLE_STRICT_OBJC_MSGSEND = YES;
				ENABLE_TESTABILITY = YES;
				GCC_C_LANGUAGE_STANDARD = gnu11;
				GCC_DYNAMIC_NO_PIC = NO;
				GCC_NO_COMMON_BLOCKS = YES;
				GCC_OPTIMIZATION_LEVEL = 0;
				GCC_PREPROCESSOR_DEFINITIONS = (
					"DEBUG=1",
					"$(inherited)",
				);
				GCC_WARN_64_TO_32_BIT_CONVERSION = YES;
				GCC_WARN_ABOUT_RETURN_TYPE = YES_ERROR;
				GCC_WARN_UNDECLARED_SELECTOR = YES;
				GCC_WARN_UNINITIALIZED_AUTOS = YES_AGGRESSIVE;
				GCC_WARN_UNUSED_FUNCTION = YES;
				GCC_WARN_UNUSED_VARIABLE = YES;
				IPHONEOS_DEPLOYMENT_TARGET = 11.0;
				MTL_ENABLE_DEBUG_INFO = YES;
				ONLY_ACTIVE_ARCH = YES;
				SDKROOT = iphoneos;
				SWIFT_ACTIVE_COMPILATION_CONDITIONS = DEBUG;
				SWIFT_OPTIMIZATION_LEVEL = "-Onone";
			};
			name = Debug;
		};
		AA2C70131F50DA6B00BFEABD /* Release */ = {
			isa = XCBuildConfiguration;
			buildSettings = {
				ALWAYS_SEARCH_USER_PATHS = NO;
				CLANG_ANALYZER_NONNULL = YES;
				CLANG_ANALYZER_NUMBER_OBJECT_CONVERSION = YES_AGGRESSIVE;
				CLANG_CXX_LANGUAGE_STANDARD = "gnu++14";
				CLANG_CXX_LIBRARY = "libc++";
				CLANG_ENABLE_MODULES = YES;
				CLANG_ENABLE_OBJC_ARC = YES;
				CLANG_WARN_BLOCK_CAPTURE_AUTORELEASING = YES;
				CLANG_WARN_BOOL_CONVERSION = YES;
				CLANG_WARN_COMMA = YES;
				CLANG_WARN_CONSTANT_CONVERSION = YES;
				CLANG_WARN_DIRECT_OBJC_ISA_USAGE = YES_ERROR;
				CLANG_WARN_DOCUMENTATION_COMMENTS = YES;
				CLANG_WARN_EMPTY_BODY = YES;
				CLANG_WARN_ENUM_CONVERSION = YES;
				CLANG_WARN_INFINITE_RECURSION = YES;
				CLANG_WARN_INT_CONVERSION = YES;
				CLANG_WARN_NON_LITERAL_NULL_CONVERSION = YES;
				CLANG_WARN_OBJC_LITERAL_CONVERSION = YES;
				CLANG_WARN_OBJC_ROOT_CLASS = YES_ERROR;
				CLANG_WARN_RANGE_LOOP_ANALYSIS = YES;
				CLANG_WARN_STRICT_PROTOTYPES = YES;
				CLANG_WARN_SUSPICIOUS_MOVE = YES;
				CLANG_WARN_UNGUARDED_AVAILABILITY = YES_AGGRESSIVE;
				CLANG_WARN_UNREACHABLE_CODE = YES;
				CLANG_WARN__DUPLICATE_METHOD_MATCH = YES;
				CODE_SIGN_IDENTITY = "iPhone Developer";
				COPY_PHASE_STRIP = NO;
				DEBUG_INFORMATION_FORMAT = "dwarf-with-dsym";
				ENABLE_NS_ASSERTIONS = NO;
				ENABLE_STRICT_OBJC_MSGSEND = YES;
				GCC_C_LANGUAGE_STANDARD = gnu11;
				GCC_NO_COMMON_BLOCKS = YES;
				GCC_WARN_64_TO_32_BIT_CONVERSION = YES;
				GCC_WARN_ABOUT_RETURN_TYPE = YES_ERROR;
				GCC_WARN_UNDECLARED_SELECTOR = YES;
				GCC_WARN_UNINITIALIZED_AUTOS = YES_AGGRESSIVE;
				GCC_WARN_UNUSED_FUNCTION = YES;
				GCC_WARN_UNUSED_VARIABLE = YES;
				IPHONEOS_DEPLOYMENT_TARGET = 11.0;
				MTL_ENABLE_DEBUG_INFO = NO;
				SDKROOT = iphoneos;
				SWIFT_OPTIMIZATION_LEVEL = "-Owholemodule";
				VALIDATE_PRODUCT = YES;
			};
			name = Release;
		};
		AA2C70151F50DA6B00BFEABD /* Debug */ = {
			isa = XCBuildConfiguration;
			buildSettings = {
				ASSETCATALOG_COMPILER_APPICON_NAME = AppIcon;
				CLANG_ENABLE_MODULES = YES;
				DEVELOPMENT_TEAM = 2KKBAP635S;
				INFOPLIST_FILE = Pushbase/Info.plist;
				LD_RUNPATH_SEARCH_PATHS = "$(inherited) @executable_path/Frameworks";
				PRODUCT_BUNDLE_IDENTIFIER = pushbase.com.Pushbase;
				PRODUCT_NAME = "$(TARGET_NAME)";
				SWIFT_OBJC_BRIDGING_HEADER = "Pushbase/SWRevealViewController/Pushbase-Bridging-Header.h";
				SWIFT_OPTIMIZATION_LEVEL = "-Onone";
				SWIFT_VERSION = 4.0;
				TARGETED_DEVICE_FAMILY = "1,2";
			};
			name = Debug;
		};
		AA2C70161F50DA6B00BFEABD /* Release */ = {
			isa = XCBuildConfiguration;
			buildSettings = {
				ASSETCATALOG_COMPILER_APPICON_NAME = AppIcon;
				CLANG_ENABLE_MODULES = YES;
				DEVELOPMENT_TEAM = 2KKBAP635S;
				INFOPLIST_FILE = Pushbase/Info.plist;
				LD_RUNPATH_SEARCH_PATHS = "$(inherited) @executable_path/Frameworks";
				PRODUCT_BUNDLE_IDENTIFIER = pushbase.com.Pushbase;
				PRODUCT_NAME = "$(TARGET_NAME)";
				SWIFT_OBJC_BRIDGING_HEADER = "Pushbase/SWRevealViewController/Pushbase-Bridging-Header.h";
				SWIFT_VERSION = 4.0;
				TARGETED_DEVICE_FAMILY = "1,2";
			};
			name = Release;
		};
/* End XCBuildConfiguration section */

/* Begin XCConfigurationList section */
		AA2C6FFD1F50DA6B00BFEABD /* Build configuration list for PBXProject "Pushbase" */ = {
			isa = XCConfigurationList;
			buildConfigurations = (
				AA2C70121F50DA6B00BFEABD /* Debug */,
				AA2C70131F50DA6B00BFEABD /* Release */,
			);
			defaultConfigurationIsVisible = 0;
			defaultConfigurationName = Release;
		};
		AA2C70141F50DA6B00BFEABD /* Build configuration list for PBXNativeTarget "Pushbase" */ = {
			isa = XCConfigurationList;
			buildConfigurations = (
				AA2C70151F50DA6B00BFEABD /* Debug */,
				AA2C70161F50DA6B00BFEABD /* Release */,
			);
			defaultConfigurationIsVisible = 0;
			defaultConfigurationName = Release;
		};
/* End XCConfigurationList section */

/* Begin XCVersionGroup section */
		AA2C701D1F51EB9E00BFEABD /* Pushbase.xcdatamodeld */ = {
			isa = XCVersionGroup;
			children = (
				AA2C701E1F51EB9E00BFEABD /* DataModel.xcdatamodel */,
			);
			currentVersion = AA2C701E1F51EB9E00BFEABD /* DataModel.xcdatamodel */;
			path = Pushbase.xcdatamodeld;
			sourceTree = "<group>";
			versionGroupType = wrapper.xcdatamodel;
		};
/* End XCVersionGroup section */
	};
	rootObject = AA2C6FFA1F50DA6B00BFEABD /* Project object */;
}
