// !$*UTF8*$!
{
	archiveVersion = 1;
	classes = {
	};
	objectVersion = 48;
	objects = {

/* Begin PBXBuildFile section */
		AA2C70061F50DA6B00BFEABD /* AppDelegate.swift in Sources */ = {isa = PBXBuildFile; fileRef = AA2C70051F50DA6B00BFEABD /* AppDelegate.swift */; };
		AA2C70081F50DA6B00BFEABD /* ViewController.swift in Sources */ = {isa = PBXBuildFile; fileRef = AA2C70071F50DA6B00BFEABD /* ViewController.swift */; };
		AA2C700D1F50DA6B00BFEABD /* Assets.xcassets in Resources */ = {isa = PBXBuildFile; fileRef = AA2C700C1F50DA6B00BFEABD /* Assets.xcassets */; };
		AA2C70101F50DA6B00BFEABD /* LaunchScreen.storyboard in Resources */ = {isa = PBXBuildFile; fileRef = AA2C700E1F50DA6B00BFEABD /* LaunchScreen.storyboard */; };
		AA2C70191F50DF4F00BFEABD /* Main.storyboard in Resources */ = {isa = PBXBuildFile; fileRef = AA2C70171F50DE7700BFEABD /* Main.storyboard */; };
/* End PBXBuildFile section */

/* Begin PBXFileReference section */
		AA2C70021F50DA6B00BFEABD /* Pushbase.app */ = {isa = PBXFileReference; explicitFileType = wrapper.application; includeInIndex = 0; path = Pushbase.app; sourceTree = BUILT_PRODUCTS_DIR; };
		AA2C70051F50DA6B00BFEABD /* AppDelegate.swift */ = {isa = PBXFileReference; lastKnownFileType = sourcecode.swift; path = AppDelegate.swift; sourceTree = "<group>"; };
		AA2C70071F50DA6B00BFEABD /* ViewController.swift */ = {isa = PBXFileReference; lastKnownFileType = sourcecode.swift; path = ViewController.swift; sourceTree = "<group>"; };
		AA2C700C1F50DA6B00BFEABD /* Assets.xcassets */ = {isa = PBXFileReference; lastKnownFileType = folder.assetcatalog; path = Assets.xcassets; sourceTree = "<group>"; };
		AA2C700F1F50DA6B00BFEABD /* Base */ = {isa = PBXFileReference; lastKnownFileType = file.storyboard; name = Base; path = Base.lproj/LaunchScreen.storyboard; sourceTree = "<group>"; };
		AA2C70111F50DA6B00BFEABD /* Info.plist */ = {isa = PBXFileReference; lastKnownFileType = text.plist.xml; path = Info.plist; sourceTree = "<group>"; };
		AA2C70181F50DE7700BFEABD /* Base */ = {isa = PBXFileReference; lastKnownFileType = file.storyboard; name = Base; path = Base.lproj/Main.storyboard; sourceTree = "<group>"; };
/* End PBXFileReference section */

/* Begin PBXFrameworksBuildPhase section */
		AA2C6FFF1F50DA6B00BFEABD /* Frameworks */ = {
			isa = PBXFrameworksBuildPhase;
			buildActionMask = 2147483647;
			files = (
			);
			runOnlyForDeploymentPostprocessing = 0;
		};
/* End PBXFrameworksBuildPhase section */

/* Begin PBXGroup section */
		AA2C6FF91F50DA6B00BFEABD = {
			isa = PBXGroup;
			children = (
				AA2C70041F50DA6B00BFEABD /* Pushbase */,
				AA2C70031F50DA6B00BFEABD /* Products */,
			);
			sourceTree = "<group>";
		};
		AA2C70031F50DA6B00BFEABD /* Products */ = {
			isa = PBXGroup;
			children = (
				AA2C70021F50DA6B00BFEABD /* Pushbase.app */,
			);
			name = Products;
			sourceTree = "<group>";
		};
		AA2C70041F50DA6B00BFEABD /* Pushbase */ = {
			isa = PBXGroup;
			children = (
				AA2C70051F50DA6B00BFEABD /* AppDelegate.swift */,
				AA2C70071F50DA6B00BFEABD /* ViewController.swift */,
				AA2C70171F50DE7700BFEABD /* Main.storyboard */,
				AA2C700C1F50DA6B00BFEABD /* Assets.xcassets */,
				AA2C700E1F50DA6B00BFEABD /* LaunchScreen.storyboard */,
				AA2C70111F50DA6B00BFEABD /* Info.plist */,
			);
			path = Pushbase;
			sourceTree = "<group>";
		};
/* End PBXGroup section */

/* Begin PBXNativeTarget section */
		AA2C70011F50DA6B00BFEABD /* Pushbase */ = {
			isa = PBXNativeTarget;
			buildConfigurationList = AA2C70141F50DA6B00BFEABD /* Build configuration list for PBXNativeTarget "Pushbase" */;
			buildPhases = (
				AA2C6FFE1F50DA6B00BFEABD /* Sources */,
				AA2C6FFF1F50DA6B00BFEABD /* Frameworks */,
				AA2C70001F50DA6B00BFEABD /* Resources */,
			);
			buildRules = (
			);
			dependencies = (
			);
			name = Pushbase;
			productName = Pushbase;
			productReference = AA2C70021F50DA6B00BFEABD /* Pushbase.app */;
			productType = "com.apple.product-type.application";
		};
/* End PBXNativeTarget section */

/* Begin PBXProject section */
		AA2C6FFA1F50DA6B00BFEABD /* Project object */ = {
			isa = PBXProject;
			attributes = {
				LastSwiftUpdateCheck = 0900;
				LastUpgradeCheck = 0900;
				ORGANIZATIONNAME = "Furby Studios";
				TargetAttributes = {
					AA2C70011F50DA6B00BFEABD = {
						CreatedOnToolsVersion = 9.0;
					};
				};
			};
			buildConfigurationList = AA2C6FFD1F50DA6B00BFEABD /* Build configuration list for PBXProject "Pushbase" */;
			compatibilityVersion = "Xcode 8.0";
			developmentRegion = en;
			hasScannedForEncodings = 0;
			knownRegions = (
				en,
				Base,
			);
			mainGroup = AA2C6FF91F50DA6B00BFEABD;
			productRefGroup = AA2C70031F50DA6B00BFEABD /* Products */;
			projectDirPath = "";
			projectRoot = "";
			targets = (
				AA2C70011F50DA6B00BFEABD /* Pushbase */,
			);
		};
/* End PBXProject section */

/* Begin PBXResourcesBuildPhase section */
		AA2C70001F50DA6B00BFEABD /* Resources */ = {
			isa = PBXResourcesBuildPhase;
			buildActionMask = 2147483647;
			files = (
				AA2C70191F50DF4F00BFEABD /* Main.storyboard in Resources */,
				AA2C70101F50DA6B00BFEABD /* LaunchScreen.storyboard in Resources */,
				AA2C700D1F50DA6B00BFEABD /* Assets.xcassets in Resources */,
			);
			runOnlyForDeploymentPostprocessing = 0;
		};
/* End PBXResourcesBuildPhase section */

/* Begin PBXSourcesBuildPhase section */
		AA2C6FFE1F50DA6B00BFEABD /* Sources */ = {
			isa = PBXSourcesBuildPhase;
			buildActionMask = 2147483647;
			files = (
				AA2C70081F50DA6B00BFEABD /* ViewController.swift in Sources */,
				AA2C70061F50DA6B00BFEABD /* AppDelegate.swift in Sources */,
			);
			runOnlyForDeploymentPostprocessing = 0;
		};
/* End PBXSourcesBuildPhase section */

/* Begin PBXVariantGroup section */
		AA2C700E1F50DA6B00BFEABD /* LaunchScreen.storyboard */ = {
			isa = PBXVariantGroup;
			children = (
				AA2C700F1F50DA6B00BFEABD /* Base */,
			);
			name = LaunchScreen.storyboard;
			sourceTree = "<group>";
		};
		AA2C70171F50DE7700BFEABD /* Main.storyboard */ = {
			isa = PBXVariantGroup;
			children = (
				AA2C70181F50DE7700BFEABD /* Base */,
			);
			name = Main.storyboard;
			sourceTree = "<group>";
		};
/* End PBXVariantGroup section */

/* Begin XCBuildConfiguration section */
		AA2C70121F50DA6B00BFEABD /* Debug */ = {
			isa = XCBuildConfiguration;
			buildSettings = {
				ALWAYS_SEARCH_USER_PATHS = NO;
				CLANG_ANALYZER_NONNULL = YES;
				CLANG_ANALYZER_NUMBER_OBJECT_CONVERSION = YES_AGGRESSIVE;
				CLANG_CXX_LANGUAGE_STANDARD = "gnu++14";
				CLANG_CXX_LIBRARY = "libc++";
				CLANG_ENABLE_MODULES = YES;
				CLANG_ENABLE_OBJC_ARC = YES;
				CLANG_WARN_BLOCK_CAPTURE_AUTORELEASING = YES;
				CLANG_WARN_BOOL_CONVERSION = YES;
				CLANG_WARN_COMMA = YES;
				CLANG_WARN_CONSTANT_CONVERSION = YES;
				CLANG_WARN_DIRECT_OBJC_ISA_USAGE = YES_ERROR;
				CLANG_WARN_DOCUMENTATION_COMMENTS = YES;
				CLANG_WARN_EMPTY_BODY = YES;
				CLANG_WARN_ENUM_CONVERSION = YES;
				CLANG_WARN_INFINITE_RECURSION = YES;
				CLANG_WARN_INT_CONVERSION = YES;
				CLANG_WARN_NON_LITERAL_NULL_CONVERSION = YES;
				CLANG_WARN_OBJC_LITERAL_CONVERSION = YES;
				CLANG_WARN_OBJC_ROOT_CLASS = YES_ERROR;
				CLANG_WARN_RANGE_LOOP_ANALYSIS = YES;
				CLANG_WARN_STRICT_PROTOTYPES = YES;
				CLANG_WARN_SUSPICIOUS_MOVE = YES;
				CLANG_WARN_UNGUARDED_AVAILABILITY = YES_AGGRESSIVE;
				CLANG_WARN_UNREACHABLE_CODE = YES;
				CLANG_WARN__DUPLICATE_METHOD_MATCH = YES;
				CODE_SIGN_IDENTITY = "iPhone Developer";
				COPY_PHASE_STRIP = NO;
				DEBUG_INFORMATION_FORMAT = dwarf;
				ENABLE_STRICT_OBJC_MSGSEND = YES;
				ENABLE_TESTABILITY = YES;
				GCC_C_LANGUAGE_STANDARD = gnu11;
				GCC_DYNAMIC_NO_PIC = NO;
				GCC_NO_COMMON_BLOCKS = YES;
				GCC_OPTIMIZATION_LEVEL = 0;
				GCC_PREPROCESSOR_DEFINITIONS = (
					"DEBUG=1",
					"$(inherited)",
				);
				GCC_WARN_64_TO_32_BIT_CONVERSION = YES;
				GCC_WARN_ABOUT_RETURN_TYPE = YES_ERROR;
				GCC_WARN_UNDECLARED_SELECTOR = YES;
				GCC_WARN_UNINITIALIZED_AUTOS = YES_AGGRESSIVE;
				GCC_WARN_UNUSED_FUNCTION = YES;
				GCC_WARN_UNUSED_VARIABLE = YES;
				IPHONEOS_DEPLOYMENT_TARGET = 11.0;
				MTL_ENABLE_DEBUG_INFO = YES;
				ONLY_ACTIVE_ARCH = YES;
				SDKROOT = iphoneos;
				SWIFT_ACTIVE_COMPILATION_CONDITIONS = DEBUG;
				SWIFT_OPTIMIZATION_LEVEL = "-Onone";
			};
			name = Debug;
		};
		AA2C70131F50DA6B00BFEABD /* Release */ = {
			isa = XCBuildConfiguration;
			buildSettings = {
				ALWAYS_SEARCH_USER_PATHS = NO;
				CLANG_ANALYZER_NONNULL = YES;
				CLANG_ANALYZER_NUMBER_OBJECT_CONVERSION = YES_AGGRESSIVE;
				CLANG_CXX_LANGUAGE_STANDARD = "gnu++14";
				CLANG_CXX_LIBRARY = "libc++";
				CLANG_ENABLE_MODULES = YES;
				CLANG_ENABLE_OBJC_ARC = YES;
				CLANG_WARN_BLOCK_CAPTURE_AUTORELEASING = YES;
				CLANG_WARN_BOOL_CONVERSION = YES;
				CLANG_WARN_COMMA = YES;
				CLANG_WARN_CONSTANT_CONVERSION = YES;
				CLANG_WARN_DIRECT_OBJC_ISA_USAGE = YES_ERROR;
				CLANG_WARN_DOCUMENTATION_COMMENTS = YES;
				CLANG_WARN_EMPTY_BODY = YES;
				CLANG_WARN_ENUM_CONVERSION = YES;
				CLANG_WARN_INFINITE_RECURSION = YES;
				CLANG_WARN_INT_CONVERSION = YES;
				CLANG_WARN_NON_LITERAL_NULL_CONVERSION = YES;
				CLANG_WARN_OBJC_LITERAL_CONVERSION = YES;
				CLANG_WARN_OBJC_ROOT_CLASS = YES_ERROR;
				CLANG_WARN_RANGE_LOOP_ANALYSIS = YES;
				CLANG_WARN_STRICT_PROTOTYPES = YES;
				CLANG_WARN_SUSPICIOUS_MOVE = YES;
				CLANG_WARN_UNGUARDED_AVAILABILITY = YES_AGGRESSIVE;
				CLANG_WARN_UNREACHABLE_CODE = YES;
				CLANG_WARN__DUPLICATE_METHOD_MATCH = YES;
				CODE_SIGN_IDENTITY = "iPhone Developer";
				COPY_PHASE_STRIP = NO;
				DEBUG_INFORMATION_FORMAT = "dwarf-with-dsym";
				ENABLE_NS_ASSERTIONS = NO;
				ENABLE_STRICT_OBJC_MSGSEND = YES;
				GCC_C_LANGUAGE_STANDARD = gnu11;
				GCC_NO_COMMON_BLOCKS = YES;
				GCC_WARN_64_TO_32_BIT_CONVERSION = YES;
				GCC_WARN_ABOUT_RETURN_TYPE = YES_ERROR;
				GCC_WARN_UNDECLARED_SELECTOR = YES;
				GCC_WARN_UNINITIALIZED_AUTOS = YES_AGGRESSIVE;
				GCC_WARN_UNUSED_FUNCTION = YES;
				GCC_WARN_UNUSED_VARIABLE = YES;
				IPHONEOS_DEPLOYMENT_TARGET = 11.0;
				MTL_ENABLE_DEBUG_INFO = NO;
				SDKROOT = iphoneos;
				SWIFT_OPTIMIZATION_LEVEL = "-Owholemodule";
				VALIDATE_PRODUCT = YES;
			};
			name = Release;
		};
		AA2C70151F50DA6B00BFEABD /* Debug */ = {
			isa = XCBuildConfiguration;
			buildSettings = {
				ASSETCATALOG_COMPILER_APPICON_NAME = AppIcon;
				DEVELOPMENT_TEAM = 2KKBAP635S;
				INFOPLIST_FILE = Pushbase/Info.plist;
				LD_RUNPATH_SEARCH_PATHS = "$(inherited) @executable_path/Frameworks";
				PRODUCT_BUNDLE_IDENTIFIER = pushbase.com.Pushbase;
				PRODUCT_NAME = "$(TARGET_NAME)";
				SWIFT_VERSION = 4.0;
				TARGETED_DEVICE_FAMILY = "1,2";
			};
			name = Debug;
		};
		AA2C70161F50DA6B00BFEABD /* Release */ = {
			isa = XCBuildConfiguration;
			buildSettings = {
				ASSETCATALOG_COMPILER_APPICON_NAME = AppIcon;
				DEVELOPMENT_TEAM = 2KKBAP635S;
				INFOPLIST_FILE = Pushbase/Info.plist;
				LD_RUNPATH_SEARCH_PATHS = "$(inherited) @executable_path/Frameworks";
				PRODUCT_BUNDLE_IDENTIFIER = pushbase.com.Pushbase;
				PRODUCT_NAME = "$(TARGET_NAME)";
				SWIFT_VERSION = 4.0;
				TARGETED_DEVICE_FAMILY = "1,2";
			};
			name = Release;
		};
/* End XCBuildConfiguration section */

/* Begin XCConfigurationList section */
		AA2C6FFD1F50DA6B00BFEABD /* Build configuration list for PBXProject "Pushbase" */ = {
			isa = XCConfigurationList;
			buildConfigurations = (
				AA2C70121F50DA6B00BFEABD /* Debug */,
				AA2C70131F50DA6B00BFEABD /* Release */,
			);
			defaultConfigurationIsVisible = 0;
			defaultConfigurationName = Release;
		};
		AA2C70141F50DA6B00BFEABD /* Build configuration list for PBXNativeTarget "Pushbase" */ = {
			isa = XCConfigurationList;
			buildConfigurations = (
				AA2C70151F50DA6B00BFEABD /* Debug */,
				AA2C70161F50DA6B00BFEABD /* Release */,
			);
			defaultConfigurationIsVisible = 0;
		};
/* End XCConfigurationList section */
	};
	rootObject = AA2C6FFA1F50DA6B00BFEABD /* Project object */;
}
